
Microsoft Visual Studio Solution File, Format Version 12.00
# Visual Studio Version 17
VisualStudioVersion = 17.8.34511.84
MinimumVisualStudioVersion = 10.0.40219.1
Project("{FAE04EC0-301F-11D3-BF4B-00C04F79EFBC}") = "ProductManagement", "ProductManagement\ProductManagement.csproj", "{0E08E3C1-A460-435B-91D0-F7C12E286A6D}"
EndProject
Global
	GlobalSection(SolutionConfigurationPlatforms) = preSolution
		Debug|Any CPU = Debug|Any CPU
		Release|Any CPU = Release|Any CPU
	EndGlobalSection
	GlobalSection(ProjectConfigurationPlatforms) = postSolution
		{0E08E3C1-A460-435B-91D0-F7C12E286A6D}.Debug|Any CPU.ActiveCfg = Debug|Any CPU
		{0E08E3C1-A460-435B-91D0-F7C12E286A6D}.Debug|Any CPU.Build.0 = Debug|Any CPU
		{0E08E3C1-A460-435B-91D0-F7C12E286A6D}.Release|Any CPU.ActiveCfg = Release|Any CPU
		{0E08E3C1-A460-435B-91D0-F7C12E286A6D}.Release|Any CPU.Build.0 = Release|Any CPU
	EndGlobalSection
	GlobalSection(SolutionProperties) = preSolution
		HideSolutionNode = FALSE
	EndGlobalSection
	GlobalSection(ExtensibilityGlobals) = postSolution
		SolutionGuid = {D0E17423-7F01-42C1-8B04-9E2C11025D13}
	EndGlobalSection
EndGlobal
